
Microsoft Visual Studio Solution File, Format Version 12.00
# Visual Studio Version 17
VisualStudioVersion = 17.2.32616.157
MinimumVisualStudioVersion = 10.0.40219.1
Project("{FAE04EC0-301F-11D3-BF4B-00C04F79EFBC}") = "WebAPILearnings", "WebAPILearnings\WebAPILearnings.csproj", "{2A595357-17DF-4A2F-8007-0BBD3E723F2E}"
EndProject
Global
	GlobalSection(SolutionConfigurationPlatforms) = preSolution
		Debug|Any CPU = Debug|Any CPU
		Release|Any CPU = Release|Any CPU
	EndGlobalSection
	GlobalSection(ProjectConfigurationPlatforms) = postSolution
		{2A595357-17DF-4A2F-8007-0BBD3E723F2E}.Debug|Any CPU.ActiveCfg = Debug|Any CPU
		{2A595357-17DF-4A2F-8007-0BBD3E723F2E}.Debug|Any CPU.Build.0 = Debug|Any CPU
		{2A595357-17DF-4A2F-8007-0BBD3E723F2E}.Release|Any CPU.ActiveCfg = Release|Any CPU
		{2A595357-17DF-4A2F-8007-0BBD3E723F2E}.Release|Any CPU.Build.0 = Release|Any CPU
	EndGlobalSection
	GlobalSection(SolutionProperties) = preSolution
		HideSolutionNode = FALSE
	EndGlobalSection
	GlobalSection(ExtensibilityGlobals) = postSolution
		SolutionGuid = {0BA1D6B4-E0A0-4521-923D-D6E28FDCBFAD}
	EndGlobalSection
EndGlobal
